{
  "pins" : [
    {
      "identity" : "amsmb2",
      "kind" : "remoteSourceControl",
      "location" : "https://github.com/amosavian/AMSMB2",
      "state" : {
        "revision" : "3dcb33cbb7d8e3793af60152d9aa99651f71e3b2",
        "version" : "3.3.0"
      }
    },
    {
      "identity" : "nfskit",
      "kind" : "remoteSourceControl",
      "location" : "https://github.com/alexiscn/NFSKit.git",
      "state" : {
        "branch" : "main",
        "revision" : "ec63d055b9ee08d609d3c6cb32f42c07edc7bdf7"
      }
    },
    {
      "identity" : "swxmlhash",
      "kind" : "remoteSourceControl",
      "location" : "https://github.com/drmohundro/SWXMLHash.git",
      "state" : {
        "revision" : "a853604c9e9a83ad9954c7e3d2a565273982471f",
        "version" : "7.0.2"
      }
    }
  ],
  "version" : 2
}
