// !$*UTF8*$!
{
	archiveVersion = 1;
	classes = {
	};
	objectVersion = 56;
	objects = {

/* Begin PBXBuildFile section */
		4D0226DC2B3EBDE900E6A1E2 /* ImagePreviewPage.swift in Sources */ = {isa = PBXBuildFile; fileRef = 4D0226DB2B3EBDE900E6A1E2 /* ImagePreviewPage.swift */; };
		4D0538532B3DB78C000D4193 /* SmbDAVApp.swift in Sources */ = {isa = PBXBuildFile; fileRef = 4D0538522B3DB78C000D4193 /* SmbDAVApp.swift */; };
		4D0538572B3DB78D000D4193 /* Assets.xcassets in Resources */ = {isa = PBXBuildFile; fileRef = 4D0538562B3DB78D000D4193 /* Assets.xcassets */; };
		4D05385A2B3DB78D000D4193 /* Preview Assets.xcassets in Resources */ = {isa = PBXBuildFile; fileRef = 4D0538592B3DB78D000D4193 /* Preview Assets.xcassets */; };
		4D05386F2B3DB801000D4193 /* VideoPlayerPage.swift in Sources */ = {isa = PBXBuildFile; fileRef = 4D0538622B3DB801000D4193 /* VideoPlayerPage.swift */; };
		4D0538702B3DB801000D4193 /* FileListPage.swift in Sources */ = {isa = PBXBuildFile; fileRef = 4D0538632B3DB801000D4193 /* FileListPage.swift */; };
		4D0538712B3DB801000D4193 /* DriveSetupPage.swift in Sources */ = {isa = PBXBuildFile; fileRef = 4D0538642B3DB801000D4193 /* DriveSetupPage.swift */; };
		4D0538722B3DB801000D4193 /* Home.swift in Sources */ = {isa = PBXBuildFile; fileRef = 4D0538652B3DB801000D4193 /* Home.swift */; };
		4D0538732B3DB801000D4193 /* DriveListModel.swift in Sources */ = {isa = PBXBuildFile; fileRef = 4D0538672B3DB801000D4193 /* DriveListModel.swift */; };
		4D0538742B3DB801000D4193 /* DriveInfoModel.swift in Sources */ = {isa = PBXBuildFile; fileRef = 4D0538682B3DB801000D4193 /* DriveInfoModel.swift */; };
		4D0538772B3DB801000D4193 /* SmbDAVAsyncImage.swift in Sources */ = {isa = PBXBuildFile; fileRef = 4D05386C2B3DB801000D4193 /* SmbDAVAsyncImage.swift */; };
		4D0538792B3DB801000D4193 /* WebDAV.swift in Sources */ = {isa = PBXBuildFile; fileRef = 4D05386E2B3DB801000D4193 /* WebDAV.swift */; };
		4D05387C2B3DB8B6000D4193 /* SWXMLHash in Frameworks */ = {isa = PBXBuildFile; productRef = 4D05387B2B3DB8B6000D4193 /* SWXMLHash */; };
		4D1D58B62B4528B900591FE3 /* AuthSession.swift in Sources */ = {isa = PBXBuildFile; fileRef = 4D1D58B52B4528B900591FE3 /* AuthSession.swift */; };
		4D7A35192B418AD700FC9832 /* KSPlayer in Frameworks */ = {isa = PBXBuildFile; productRef = 4D7A35182B418AD700FC9832 /* KSPlayer */; };
		4D7A351B2B418C3800FC9832 /* DeviceShake.swift in Sources */ = {isa = PBXBuildFile; fileRef = 4D7A351A2B418C3800FC9832 /* DeviceShake.swift */; };
		4D7A351D2B42700900FC9832 /* NFS.swift in Sources */ = {isa = PBXBuildFile; fileRef = 4D7A351C2B42700900FC9832 /* NFS.swift */; };
		4D84B8162B40503F00EFBED1 /* SMB.swift in Sources */ = {isa = PBXBuildFile; fileRef = 4D84B8152B40503F00EFBED1 /* SMB.swift */; };
		4D84B81A2B410E1B00EFBED1 /* Settings.swift in Sources */ = {isa = PBXBuildFile; fileRef = 4D84B8192B410E1B00EFBED1 /* Settings.swift */; };
		4D84B8252B41404E00EFBED1 /* AMSMB2 in Frameworks */ = {isa = PBXBuildFile; productRef = 4D84B8242B41404E00EFBED1 /* AMSMB2 */; };
		4DC03A5C2B4294E1003CA49B /* NFSKit in Frameworks */ = {isa = PBXBuildFile; productRef = 4DC03A5B2B4294E1003CA49B /* NFSKit */; };
		4DC498202B3EE43200CFD2A7 /* Drive.swift in Sources */ = {isa = PBXBuildFile; fileRef = 4DC4981F2B3EE43200CFD2A7 /* Drive.swift */; };
		4DC498222B3F11C200CFD2A7 /* SmbDAVFile.swift in Sources */ = {isa = PBXBuildFile; fileRef = 4DC498212B3F11C200CFD2A7 /* SmbDAVFile.swift */; };
		4DCBAD832B41411C009D9088 /* AMSMB2 in Embed Frameworks */ = {isa = PBXBuildFile; productRef = 4D84B8242B41404E00EFBED1 /* AMSMB2 */; settings = {ATTRIBUTES = (CodeSignOnCopy, ); }; };
/* End PBXBuildFile section */

/* Begin PBXCopyFilesBuildPhase section */
		4D84B8182B40677000EFBED1 /* Embed Frameworks */ = {
			isa = PBXCopyFilesBuildPhase;
			buildActionMask = 2147483647;
			dstPath = "";
			dstSubfolderSpec = 10;
			files = (
				4DCBAD832B41411C009D9088 /* AMSMB2 in Embed Frameworks */,
			);
			name = "Embed Frameworks";
			runOnlyForDeploymentPostprocessing = 0;
		};
/* End PBXCopyFilesBuildPhase section */

/* Begin PBXFileReference section */
		4D0226DB2B3EBDE900E6A1E2 /* ImagePreviewPage.swift */ = {isa = PBXFileReference; lastKnownFileType = sourcecode.swift; path = ImagePreviewPage.swift; sourceTree = "<group>"; };
		4D05384F2B3DB78C000D4193 /* SmbDAV.app */ = {isa = PBXFileReference; explicitFileType = wrapper.application; includeInIndex = 0; path = SmbDAV.app; sourceTree = BUILT_PRODUCTS_DIR; };
		4D0538522B3DB78C000D4193 /* SmbDAVApp.swift */ = {isa = PBXFileReference; lastKnownFileType = sourcecode.swift; path = SmbDAVApp.swift; sourceTree = "<group>"; };
		4D0538562B3DB78D000D4193 /* Assets.xcassets */ = {isa = PBXFileReference; lastKnownFileType = folder.assetcatalog; path = Assets.xcassets; sourceTree = "<group>"; };
		4D0538592B3DB78D000D4193 /* Preview Assets.xcassets */ = {isa = PBXFileReference; lastKnownFileType = folder.assetcatalog; path = "Preview Assets.xcassets"; sourceTree = "<group>"; };
		4D0538602B3DB79C000D4193 /* SmbDAV.entitlements */ = {isa = PBXFileReference; lastKnownFileType = text.plist.entitlements; path = SmbDAV.entitlements; sourceTree = "<group>"; };
		4D0538612B3DB7CE000D4193 /* Info.plist */ = {isa = PBXFileReference; lastKnownFileType = text.plist; path = Info.plist; sourceTree = "<group>"; };
		4D0538622B3DB801000D4193 /* VideoPlayerPage.swift */ = {isa = PBXFileReference; fileEncoding = 4; lastKnownFileType = sourcecode.swift; path = VideoPlayerPage.swift; sourceTree = "<group>"; };
		4D0538632B3DB801000D4193 /* FileListPage.swift */ = {isa = PBXFileReference; fileEncoding = 4; lastKnownFileType = sourcecode.swift; path = FileListPage.swift; sourceTree = "<group>"; };
		4D0538642B3DB801000D4193 /* DriveSetupPage.swift */ = {isa = PBXFileReference; fileEncoding = 4; lastKnownFileType = sourcecode.swift; path = DriveSetupPage.swift; sourceTree = "<group>"; };
		4D0538652B3DB801000D4193 /* Home.swift */ = {isa = PBXFileReference; fileEncoding = 4; lastKnownFileType = sourcecode.swift; path = Home.swift; sourceTree = "<group>"; };
		4D0538672B3DB801000D4193 /* DriveListModel.swift */ = {isa = PBXFileReference; fileEncoding = 4; lastKnownFileType = sourcecode.swift; path = DriveListModel.swift; sourceTree = "<group>"; };
		4D0538682B3DB801000D4193 /* DriveInfoModel.swift */ = {isa = PBXFileReference; fileEncoding = 4; lastKnownFileType = sourcecode.swift; path = DriveInfoModel.swift; sourceTree = "<group>"; };
		4D05386C2B3DB801000D4193 /* SmbDAVAsyncImage.swift */ = {isa = PBXFileReference; fileEncoding = 4; lastKnownFileType = sourcecode.swift; path = SmbDAVAsyncImage.swift; sourceTree = "<group>"; };
		4D05386E2B3DB801000D4193 /* WebDAV.swift */ = {isa = PBXFileReference; fileEncoding = 4; lastKnownFileType = sourcecode.swift; path = WebDAV.swift; sourceTree = "<group>"; };
		4D1D58B52B4528B900591FE3 /* AuthSession.swift */ = {isa = PBXFileReference; lastKnownFileType = sourcecode.swift; path = AuthSession.swift; sourceTree = "<group>"; };
		4D7A35162B418A9B00FC9832 /* FFmpegKit */ = {isa = PBXFileReference; lastKnownFileType = wrapper; name = FFmpegKit; path = KSPlayer/FFmpegKit; sourceTree = "<group>"; };
		4D7A35172B418AAF00FC9832 /* KSPlayer */ = {isa = PBXFileReference; lastKnownFileType = wrapper; path = KSPlayer; sourceTree = "<group>"; };
		4D7A351A2B418C3800FC9832 /* DeviceShake.swift */ = {isa = PBXFileReference; lastKnownFileType = sourcecode.swift; path = DeviceShake.swift; sourceTree = "<group>"; };
		4D7A351C2B42700900FC9832 /* NFS.swift */ = {isa = PBXFileReference; lastKnownFileType = sourcecode.swift; path = NFS.swift; sourceTree = "<group>"; };
		4D84B8152B40503F00EFBED1 /* SMB.swift */ = {isa = PBXFileReference; lastKnownFileType = sourcecode.swift; path = SMB.swift; sourceTree = "<group>"; };
		4D84B8192B410E1B00EFBED1 /* Settings.swift */ = {isa = PBXFileReference; lastKnownFileType = sourcecode.swift; path = Settings.swift; sourceTree = "<group>"; };
		4DC4981F2B3EE43200CFD2A7 /* Drive.swift */ = {isa = PBXFileReference; lastKnownFileType = sourcecode.swift; path = Drive.swift; sourceTree = "<group>"; };
		4DC498212B3F11C200CFD2A7 /* SmbDAVFile.swift */ = {isa = PBXFileReference; lastKnownFileType = sourcecode.swift; path = SmbDAVFile.swift; sourceTree = "<group>"; };
/* End PBXFileReference section */

/* Begin PBXFrameworksBuildPhase section */
		4D05384C2B3DB78C000D4193 /* Frameworks */ = {
			isa = PBXFrameworksBuildPhase;
			buildActionMask = 2147483647;
			files = (
				4D84B8252B41404E00EFBED1 /* AMSMB2 in Frameworks */,
				4DC03A5C2B4294E1003CA49B /* NFSKit in Frameworks */,
				4D7A35192B418AD700FC9832 /* KSPlayer in Frameworks */,
				4D05387C2B3DB8B6000D4193 /* SWXMLHash in Frameworks */,
			);
			runOnlyForDeploymentPostprocessing = 0;
		};
/* End PBXFrameworksBuildPhase section */

/* Begin PBXGroup section */
		4D0538462B3DB78C000D4193 = {
			isa = PBXGroup;
			children = (
				4D0538512B3DB78C000D4193 /* SmbDAV */,
				4D0538502B3DB78C000D4193 /* Products */,
				4D7A35152B418A9B00FC9832 /* Frameworks */,
			);
			sourceTree = "<group>";
		};
		4D0538502B3DB78C000D4193 /* Products */ = {
			isa = PBXGroup;
			children = (
				4D05384F2B3DB78C000D4193 /* SmbDAV.app */,
			);
			name = Products;
			sourceTree = "<group>";
		};
		4D0538512B3DB78C000D4193 /* SmbDAV */ = {
			isa = PBXGroup;
			children = (
				4D0538612B3DB7CE000D4193 /* Info.plist */,
				4D0538602B3DB79C000D4193 /* SmbDAV.entitlements */,
				4D0538522B3DB78C000D4193 /* SmbDAVApp.swift */,
				4D0538662B3DB801000D4193 /* Model */,
				4D0538652B3DB801000D4193 /* Home.swift */,
				4D0538642B3DB801000D4193 /* DriveSetupPage.swift */,
				4D0538632B3DB801000D4193 /* FileListPage.swift */,
				4D0226DB2B3EBDE900E6A1E2 /* ImagePreviewPage.swift */,
				4D0538622B3DB801000D4193 /* VideoPlayerPage.swift */,
				4D05386C2B3DB801000D4193 /* SmbDAVAsyncImage.swift */,
				4D05386E2B3DB801000D4193 /* WebDAV.swift */,
				4D84B8152B40503F00EFBED1 /* SMB.swift */,
				4D7A351C2B42700900FC9832 /* NFS.swift */,
				4D1D58B52B4528B900591FE3 /* AuthSession.swift */,
				4D7A351A2B418C3800FC9832 /* DeviceShake.swift */,
				4D0538562B3DB78D000D4193 /* Assets.xcassets */,
				4D0538582B3DB78D000D4193 /* Preview Content */,
			);
			path = SmbDAV;
			sourceTree = "<group>";
		};
		4D0538582B3DB78D000D4193 /* Preview Content */ = {
			isa = PBXGroup;
			children = (
				4D0538592B3DB78D000D4193 /* Preview Assets.xcassets */,
			);
			path = "Preview Content";
			sourceTree = "<group>";
		};
		4D0538662B3DB801000D4193 /* Model */ = {
			isa = PBXGroup;
			children = (
				4DC4981F2B3EE43200CFD2A7 /* Drive.swift */,
				4DC498212B3F11C200CFD2A7 /* SmbDAVFile.swift */,
				4D0538682B3DB801000D4193 /* DriveInfoModel.swift */,
				4D0538672B3DB801000D4193 /* DriveListModel.swift */,
				4D84B8192B410E1B00EFBED1 /* Settings.swift */,
			);
			path = Model;
			sourceTree = "<group>";
		};
		4D7A35152B418A9B00FC9832 /* Frameworks */ = {
			isa = PBXGroup;
			children = (
				4D7A35172B418AAF00FC9832 /* KSPlayer */,
				4D7A35162B418A9B00FC9832 /* FFmpegKit */,
			);
			name = Frameworks;
			sourceTree = "<group>";
		};
/* End PBXGroup section */

/* Begin PBXNativeTarget section */
		4D05384E2B3DB78C000D4193 /* SmbDAV */ = {
			isa = PBXNativeTarget;
			buildConfigurationList = 4D05385D2B3DB78D000D4193 /* Build configuration list for PBXNativeTarget "SmbDAV" */;
			buildPhases = (
				4D05384B2B3DB78C000D4193 /* Sources */,
				4D05384C2B3DB78C000D4193 /* Frameworks */,
				4D05384D2B3DB78C000D4193 /* Resources */,
				4D84B8182B40677000EFBED1 /* Embed Frameworks */,
			);
			buildRules = (
			);
			dependencies = (
			);
			name = SmbDAV;
			packageProductDependencies = (
				4D05387B2B3DB8B6000D4193 /* SWXMLHash */,
				4D84B8242B41404E00EFBED1 /* AMSMB2 */,
				4D7A35182B418AD700FC9832 /* KSPlayer */,
				4DC03A5B2B4294E1003CA49B /* NFSKit */,
			);
			productName = SmbDAV;
			productReference = 4D05384F2B3DB78C000D4193 /* SmbDAV.app */;
			productType = "com.apple.product-type.application";
		};
/* End PBXNativeTarget section */

/* Begin PBXProject section */
		4D0538472B3DB78C000D4193 /* Project object */ = {
			isa = PBXProject;
			attributes = {
				BuildIndependentTargetsInParallel = 1;
				LastSwiftUpdateCheck = 1500;
				LastUpgradeCheck = 1500;
				TargetAttributes = {
					4D05384E2B3DB78C000D4193 = {
						CreatedOnToolsVersion = 15.0.1;
					};
				};
			};
			buildConfigurationList = 4D05384A2B3DB78C000D4193 /* Build configuration list for PBXProject "SmbDAV" */;
			compatibilityVersion = "Xcode 14.0";
			developmentRegion = en;
			hasScannedForEncodings = 0;
			knownRegions = (
				en,
				Base,
			);
			mainGroup = 4D0538462B3DB78C000D4193;
			packageReferences = (
				4D05387A2B3DB8B6000D4193 /* XCRemoteSwiftPackageReference "SWXMLHash" */,
				4D84B8232B41404E00EFBED1 /* XCRemoteSwiftPackageReference "AMSMB2" */,
				4DC03A5A2B4294E1003CA49B /* XCRemoteSwiftPackageReference "NFSKit" */,
			);
			productRefGroup = 4D0538502B3DB78C000D4193 /* Products */;
			projectDirPath = "";
			projectRoot = "";
			targets = (
				4D05384E2B3DB78C000D4193 /* SmbDAV */,
			);
		};
/* End PBXProject section */

/* Begin PBXResourcesBuildPhase section */
		4D05384D2B3DB78C000D4193 /* Resources */ = {
			isa = PBXResourcesBuildPhase;
			buildActionMask = 2147483647;
			files = (
				4D05385A2B3DB78D000D4193 /* Preview Assets.xcassets in Resources */,
				4D0538572B3DB78D000D4193 /* Assets.xcassets in Resources */,
			);
			runOnlyForDeploymentPostprocessing = 0;
		};
/* End PBXResourcesBuildPhase section */

/* Begin PBXSourcesBuildPhase section */
		4D05384B2B3DB78C000D4193 /* Sources */ = {
			isa = PBXSourcesBuildPhase;
			buildActionMask = 2147483647;
			files = (
				4D05386F2B3DB801000D4193 /* VideoPlayerPage.swift in Sources */,
				4D84B8162B40503F00EFBED1 /* SMB.swift in Sources */,
				4D0538732B3DB801000D4193 /* DriveListModel.swift in Sources */,
				4D0538702B3DB801000D4193 /* FileListPage.swift in Sources */,
				4D84B81A2B410E1B00EFBED1 /* Settings.swift in Sources */,
				4DC498202B3EE43200CFD2A7 /* Drive.swift in Sources */,
				4D7A351B2B418C3800FC9832 /* DeviceShake.swift in Sources */,
				4D0538772B3DB801000D4193 /* SmbDAVAsyncImage.swift in Sources */,
				4DC498222B3F11C200CFD2A7 /* SmbDAVFile.swift in Sources */,
				4D0538712B3DB801000D4193 /* DriveSetupPage.swift in Sources */,
				4D0538722B3DB801000D4193 /* Home.swift in Sources */,
				4D7A351D2B42700900FC9832 /* NFS.swift in Sources */,
				4D0226DC2B3EBDE900E6A1E2 /* ImagePreviewPage.swift in Sources */,
				4D0538742B3DB801000D4193 /* DriveInfoModel.swift in Sources */,
				4D0538792B3DB801000D4193 /* WebDAV.swift in Sources */,
				4D0538532B3DB78C000D4193 /* SmbDAVApp.swift in Sources */,
				4D1D58B62B4528B900591FE3 /* AuthSession.swift in Sources */,
			);
			runOnlyForDeploymentPostprocessing = 0;
		};
/* End PBXSourcesBuildPhase section */

/* Begin XCBuildConfiguration section */
		4D05385B2B3DB78D000D4193 /* Debug */ = {
			isa = XCBuildConfiguration;
			buildSettings = {
				ALWAYS_SEARCH_USER_PATHS = NO;
				ASSETCATALOG_COMPILER_GENERATE_SWIFT_ASSET_SYMBOL_EXTENSIONS = YES;
				CLANG_ANALYZER_NONNULL = YES;
				CLANG_ANALYZER_NUMBER_OBJECT_CONVERSION = YES_AGGRESSIVE;
				CLANG_CXX_LANGUAGE_STANDARD = "gnu++20";
				CLANG_ENABLE_MODULES = YES;
				CLANG_ENABLE_OBJC_ARC = YES;
				CLANG_ENABLE_OBJC_WEAK = YES;
				CLANG_WARN_BLOCK_CAPTURE_AUTORELEASING = YES;
				CLANG_WARN_BOOL_CONVERSION = YES;
				CLANG_WARN_COMMA = YES;
				CLANG_WARN_CONSTANT_CONVERSION = YES;
				CLANG_WARN_DEPRECATED_OBJC_IMPLEMENTATIONS = YES;
				CLANG_WARN_DIRECT_OBJC_ISA_USAGE = YES_ERROR;
				CLANG_WARN_DOCUMENTATION_COMMENTS = YES;
				CLANG_WARN_EMPTY_BODY = YES;
				CLANG_WARN_ENUM_CONVERSION = YES;
				CLANG_WARN_INFINITE_RECURSION = YES;
				CLANG_WARN_INT_CONVERSION = YES;
				CLANG_WARN_NON_LITERAL_NULL_CONVERSION = YES;
				CLANG_WARN_OBJC_IMPLICIT_RETAIN_SELF = YES;
				CLANG_WARN_OBJC_LITERAL_CONVERSION = YES;
				CLANG_WARN_OBJC_ROOT_CLASS = YES_ERROR;
				CLANG_WARN_QUOTED_INCLUDE_IN_FRAMEWORK_HEADER = YES;
				CLANG_WARN_RANGE_LOOP_ANALYSIS = YES;
				CLANG_WARN_STRICT_PROTOTYPES = YES;
				CLANG_WARN_SUSPICIOUS_MOVE = YES;
				CLANG_WARN_UNGUARDED_AVAILABILITY = YES_AGGRESSIVE;
				CLANG_WARN_UNREACHABLE_CODE = YES;
				CLANG_WARN__DUPLICATE_METHOD_MATCH = YES;
				COPY_PHASE_STRIP = NO;
				DEBUG_INFORMATION_FORMAT = dwarf;
				ENABLE_STRICT_OBJC_MSGSEND = YES;
				ENABLE_TESTABILITY = YES;
				ENABLE_USER_SCRIPT_SANDBOXING = YES;
				GCC_C_LANGUAGE_STANDARD = gnu17;
				GCC_DYNAMIC_NO_PIC = NO;
				GCC_NO_COMMON_BLOCKS = YES;
				GCC_OPTIMIZATION_LEVEL = 0;
				GCC_PREPROCESSOR_DEFINITIONS = (
					"DEBUG=1",
					"$(inherited)",
				);
				GCC_WARN_64_TO_32_BIT_CONVERSION = YES;
				GCC_WARN_ABOUT_RETURN_TYPE = YES_ERROR;
				GCC_WARN_UNDECLARED_SELECTOR = YES;
				GCC_WARN_UNINITIALIZED_AUTOS = YES_AGGRESSIVE;
				GCC_WARN_UNUSED_FUNCTION = YES;
				GCC_WARN_UNUSED_VARIABLE = YES;
				IPHONEOS_DEPLOYMENT_TARGET = 17.0;
				LOCALIZATION_PREFERS_STRING_CATALOGS = YES;
				MTL_ENABLE_DEBUG_INFO = INCLUDE_SOURCE;
				MTL_FAST_MATH = YES;
				ONLY_ACTIVE_ARCH = YES;
				SDKROOT = iphoneos;
				SWIFT_ACTIVE_COMPILATION_CONDITIONS = "DEBUG $(inherited)";
				SWIFT_OPTIMIZATION_LEVEL = "-Onone";
			};
			name = Debug;
		};
		4D05385C2B3DB78D000D4193 /* Release */ = {
			isa = XCBuildConfiguration;
			buildSettings = {
				ALWAYS_SEARCH_USER_PATHS = NO;
				ASSETCATALOG_COMPILER_GENERATE_SWIFT_ASSET_SYMBOL_EXTENSIONS = YES;
				CLANG_ANALYZER_NONNULL = YES;
				CLANG_ANALYZER_NUMBER_OBJECT_CONVERSION = YES_AGGRESSIVE;
				CLANG_CXX_LANGUAGE_STANDARD = "gnu++20";
				CLANG_ENABLE_MODULES = YES;
				CLANG_ENABLE_OBJC_ARC = YES;
				CLANG_ENABLE_OBJC_WEAK = YES;
				CLANG_WARN_BLOCK_CAPTURE_AUTORELEASING = YES;
				CLANG_WARN_BOOL_CONVERSION = YES;
				CLANG_WARN_COMMA = YES;
				CLANG_WARN_CONSTANT_CONVERSION = YES;
				CLANG_WARN_DEPRECATED_OBJC_IMPLEMENTATIONS = YES;
				CLANG_WARN_DIRECT_OBJC_ISA_USAGE = YES_ERROR;
				CLANG_WARN_DOCUMENTATION_COMMENTS = YES;
				CLANG_WARN_EMPTY_BODY = YES;
				CLANG_WARN_ENUM_CONVERSION = YES;
				CLANG_WARN_INFINITE_RECURSION = YES;
				CLANG_WARN_INT_CONVERSION = YES;
				CLANG_WARN_NON_LITERAL_NULL_CONVERSION = YES;
				CLANG_WARN_OBJC_IMPLICIT_RETAIN_SELF = YES;
				CLANG_WARN_OBJC_LITERAL_CONVERSION = YES;
				CLANG_WARN_OBJC_ROOT_CLASS = YES_ERROR;
				CLANG_WARN_QUOTED_INCLUDE_IN_FRAMEWORK_HEADER = YES;
				CLANG_WARN_RANGE_LOOP_ANALYSIS = YES;
				CLANG_WARN_STRICT_PROTOTYPES = YES;
				CLANG_WARN_SUSPICIOUS_MOVE = YES;
				CLANG_WARN_UNGUARDED_AVAILABILITY = YES_AGGRESSIVE;
				CLANG_WARN_UNREACHABLE_CODE = YES;
				CLANG_WARN__DUPLICATE_METHOD_MATCH = YES;
				COPY_PHASE_STRIP = NO;
				DEBUG_INFORMATION_FORMAT = "dwarf-with-dsym";
				ENABLE_NS_ASSERTIONS = NO;
				ENABLE_STRICT_OBJC_MSGSEND = YES;
				ENABLE_USER_SCRIPT_SANDBOXING = YES;
				GCC_C_LANGUAGE_STANDARD = gnu17;
				GCC_NO_COMMON_BLOCKS = YES;
				GCC_WARN_64_TO_32_BIT_CONVERSION = YES;
				GCC_WARN_ABOUT_RETURN_TYPE = YES_ERROR;
				GCC_WARN_UNDECLARED_SELECTOR = YES;
				GCC_WARN_UNINITIALIZED_AUTOS = YES_AGGRESSIVE;
				GCC_WARN_UNUSED_FUNCTION = YES;
				GCC_WARN_UNUSED_VARIABLE = YES;
				IPHONEOS_DEPLOYMENT_TARGET = 17.0;
				LOCALIZATION_PREFERS_STRING_CATALOGS = YES;
				MTL_ENABLE_DEBUG_INFO = NO;
				MTL_FAST_MATH = YES;
				SDKROOT = iphoneos;
				SWIFT_COMPILATION_MODE = wholemodule;
				VALIDATE_PRODUCT = YES;
			};
			name = Release;
		};
		4D05385E2B3DB78D000D4193 /* Debug */ = {
			isa = XCBuildConfiguration;
			buildSettings = {
				ASSETCATALOG_COMPILER_APPICON_NAME = AppIcon;
				ASSETCATALOG_COMPILER_GLOBAL_ACCENT_COLOR_NAME = AccentColor;
				CODE_SIGN_ENTITLEMENTS = SmbDAV/SmbDAV.entitlements;
				CODE_SIGN_STYLE = Automatic;
				CURRENT_PROJECT_VERSION = 4;
				DEVELOPMENT_ASSET_PATHS = "\"SmbDAV/Preview Content\"";
				DEVELOPMENT_TEAM = 7WS42S6435;
				ENABLE_PREVIEWS = YES;
				GENERATE_INFOPLIST_FILE = YES;
				INFOPLIST_FILE = SmbDAV/Info.plist;
				INFOPLIST_KEY_UIApplicationSceneManifest_Generation = YES;
				INFOPLIST_KEY_UIApplicationSupportsIndirectInputEvents = YES;
				INFOPLIST_KEY_UILaunchScreen_Generation = YES;
				INFOPLIST_KEY_UISupportedInterfaceOrientations_iPad = "UIInterfaceOrientationPortrait UIInterfaceOrientationPortraitUpsideDown UIInterfaceOrientationLandscapeLeft UIInterfaceOrientationLandscapeRight";
				INFOPLIST_KEY_UISupportedInterfaceOrientations_iPhone = "UIInterfaceOrientationPortrait UIInterfaceOrientationLandscapeLeft UIInterfaceOrientationLandscapeRight";
				LD_RUNPATH_SEARCH_PATHS = (
					"$(inherited)",
					"@executable_path/Frameworks",
				);
				MARKETING_VERSION = 1.2;
				PRODUCT_BUNDLE_IDENTIFIER = com.faichou.SmbDAV;
				PRODUCT_NAME = "$(TARGET_NAME)";
				SUPPORTED_PLATFORMS = "iphoneos iphonesimulator";
				SUPPORTS_MACCATALYST = NO;
				SUPPORTS_MAC_DESIGNED_FOR_IPHONE_IPAD = NO;
				SWIFT_EMIT_LOC_STRINGS = YES;
				SWIFT_VERSION = 5.0;
				TARGETED_DEVICE_FAMILY = 1;
			};
			name = Debug;
		};
		4D05385F2B3DB78D000D4193 /* Release */ = {
			isa = XCBuildConfiguration;
			buildSettings = {
				ASSETCATALOG_COMPILER_APPICON_NAME = AppIcon;
				ASSETCATALOG_COMPILER_GLOBAL_ACCENT_COLOR_NAME = AccentColor;
				CODE_SIGN_ENTITLEMENTS = SmbDAV/SmbDAV.entitlements;
				CODE_SIGN_STYLE = Automatic;
				CURRENT_PROJECT_VERSION = 4;
				DEVELOPMENT_ASSET_PATHS = "\"SmbDAV/Preview Content\"";
				DEVELOPMENT_TEAM = 7WS42S6435;
				ENABLE_PREVIEWS = YES;
				GENERATE_INFOPLIST_FILE = YES;
				INFOPLIST_FILE = SmbDAV/Info.plist;
				INFOPLIST_KEY_UIApplicationSceneManifest_Generation = YES;
				INFOPLIST_KEY_UIApplicationSupportsIndirectInputEvents = YES;
				INFOPLIST_KEY_UILaunchScreen_Generation = YES;
				INFOPLIST_KEY_UISupportedInterfaceOrientations_iPad = "UIInterfaceOrientationPortrait UIInterfaceOrientationPortraitUpsideDown UIInterfaceOrientationLandscapeLeft UIInterfaceOrientationLandscapeRight";
				INFOPLIST_KEY_UISupportedInterfaceOrientations_iPhone = "UIInterfaceOrientationPortrait UIInterfaceOrientationLandscapeLeft UIInterfaceOrientationLandscapeRight";
				LD_RUNPATH_SEARCH_PATHS = (
					"$(inherited)",
					"@executable_path/Frameworks",
				);
				MARKETING_VERSION = 1.2;
				PRODUCT_BUNDLE_IDENTIFIER = com.faichou.SmbDAV;
				PRODUCT_NAME = "$(TARGET_NAME)";
				SUPPORTED_PLATFORMS = "iphoneos iphonesimulator";
				SUPPORTS_MACCATALYST = NO;
				SUPPORTS_MAC_DESIGNED_FOR_IPHONE_IPAD = NO;
				SWIFT_EMIT_LOC_STRINGS = YES;
				SWIFT_VERSION = 5.0;
				TARGETED_DEVICE_FAMILY = 1;
			};
			name = Release;
		};
/* End XCBuildConfiguration section */

/* Begin XCConfigurationList section */
		4D05384A2B3DB78C000D4193 /* Build configuration list for PBXProject "SmbDAV" */ = {
			isa = XCConfigurationList;
			buildConfigurations = (
				4D05385B2B3DB78D000D4193 /* Debug */,
				4D05385C2B3DB78D000D4193 /* Release */,
			);
			defaultConfigurationIsVisible = 0;
			defaultConfigurationName = Release;
		};
		4D05385D2B3DB78D000D4193 /* Build configuration list for PBXNativeTarget "SmbDAV" */ = {
			isa = XCConfigurationList;
			buildConfigurations = (
				4D05385E2B3DB78D000D4193 /* Debug */,
				4D05385F2B3DB78D000D4193 /* Release */,
			);
			defaultConfigurationIsVisible = 0;
			defaultConfigurationName = Release;
		};
/* End XCConfigurationList section */

/* Begin XCRemoteSwiftPackageReference section */
		4D05387A2B3DB8B6000D4193 /* XCRemoteSwiftPackageReference "SWXMLHash" */ = {
			isa = XCRemoteSwiftPackageReference;
			repositoryURL = "https://github.com/drmohundro/SWXMLHash.git";
			requirement = {
				kind = upToNextMajorVersion;
				minimumVersion = 7.0.2;
			};
		};
		4D84B8232B41404E00EFBED1 /* XCRemoteSwiftPackageReference "AMSMB2" */ = {
			isa = XCRemoteSwiftPackageReference;
			repositoryURL = "https://github.com/amosavian/AMSMB2";
			requirement = {
				kind = upToNextMajorVersion;
				minimumVersion = 3.3.0;
			};
		};
		4DC03A5A2B4294E1003CA49B /* XCRemoteSwiftPackageReference "NFSKit" */ = {
			isa = XCRemoteSwiftPackageReference;
			repositoryURL = "https://github.com/alexiscn/NFSKit.git";
			requirement = {
				branch = main;
				kind = branch;
			};
		};
/* End XCRemoteSwiftPackageReference section */

/* Begin XCSwiftPackageProductDependency section */
		4D05387B2B3DB8B6000D4193 /* SWXMLHash */ = {
			isa = XCSwiftPackageProductDependency;
			package = 4D05387A2B3DB8B6000D4193 /* XCRemoteSwiftPackageReference "SWXMLHash" */;
			productName = SWXMLHash;
		};
		4D7A35182B418AD700FC9832 /* KSPlayer */ = {
			isa = XCSwiftPackageProductDependency;
			productName = KSPlayer;
		};
		4D84B8242B41404E00EFBED1 /* AMSMB2 */ = {
			isa = XCSwiftPackageProductDependency;
			package = 4D84B8232B41404E00EFBED1 /* XCRemoteSwiftPackageReference "AMSMB2" */;
			productName = AMSMB2;
		};
		4DC03A5B2B4294E1003CA49B /* NFSKit */ = {
			isa = XCSwiftPackageProductDependency;
			package = 4DC03A5A2B4294E1003CA49B /* XCRemoteSwiftPackageReference "NFSKit" */;
			productName = NFSKit;
		};
/* End XCSwiftPackageProductDependency section */
	};
	rootObject = 4D0538472B3DB78C000D4193 /* Project object */;
}
